{
  "name": "dew-validator",
  "version": "1.0.0",
  "lockfileVersion": 3,
  "requires": true,
  "packages": {
    "": {
      "name": "dew-validator",
      "version": "1.0.0",
      "license": "ISC",
      "dependencies": {
        "dew-validator": "^1.0.0"
      }
    },
    "node_modules/dew-validator": {
      "version": "1.0.0",
      "resolved": "https://registry.npmjs.org/dew-validator/-/dew-validator-1.0.0.tgz",
      "integrity": "sha512-DIHLHFdSWpk9qKI+7Tn1La7q0icfcKXbKrYsWz7TrjCwa0l+Q5NPtCs5klw7OfRkqn71INeEuDjPuO1H/JTxAA=="
    }
  }
}
